
Microsoft Visual Studio Solution File, Format Version 12.00
# Visual Studio Version 16
VisualStudioVersion = 16.0.29728.190
MinimumVisualStudioVersion = 10.0.40219.1
Project("{FAE04EC0-301F-11D3-BF4B-00C04F79EFBC}") = "SimsApi", "SimsApi\SimsApi.csproj", "{79E486DE-7FB6-4FD2-ADF2-48E3F8FFB91A}"
EndProject
Project("{FAE04EC0-301F-11D3-BF4B-00C04F79EFBC}") = "ServiceLayer", "ServiceLayer\ServiceLayer.csproj", "{80E6F28E-91FD-4C64-880D-C27D99E35654}"
EndProject
Project("{FAE04EC0-301F-11D3-BF4B-00C04F79EFBC}") = "DataLayer", "DataLayer\DataLayer.csproj", "{4835B230-A395-40FF-BCEE-34918E8A5994}"
EndProject
Project("{00D1A9C2-B5F0-4AF3-8072-F6C62B433612}") = "SimsDB", "SimsDB\SimsDB.sqlproj", "{767BACD8-DC70-403B-B798-6EDCE050A159}"
EndProject
Global
	GlobalSection(SolutionConfigurationPlatforms) = preSolution
		Debug|Any CPU = Debug|Any CPU
		Release|Any CPU = Release|Any CPU
	EndGlobalSection
	GlobalSection(ProjectConfigurationPlatforms) = postSolution
		{79E486DE-7FB6-4FD2-ADF2-48E3F8FFB91A}.Debug|Any CPU.ActiveCfg = Debug|Any CPU
		{79E486DE-7FB6-4FD2-ADF2-48E3F8FFB91A}.Debug|Any CPU.Build.0 = Debug|Any CPU
		{79E486DE-7FB6-4FD2-ADF2-48E3F8FFB91A}.Release|Any CPU.ActiveCfg = Release|Any CPU
		{79E486DE-7FB6-4FD2-ADF2-48E3F8FFB91A}.Release|Any CPU.Build.0 = Release|Any CPU
		{80E6F28E-91FD-4C64-880D-C27D99E35654}.Debug|Any CPU.ActiveCfg = Debug|Any CPU
		{80E6F28E-91FD-4C64-880D-C27D99E35654}.Debug|Any CPU.Build.0 = Debug|Any CPU
		{80E6F28E-91FD-4C64-880D-C27D99E35654}.Release|Any CPU.ActiveCfg = Release|Any CPU
		{80E6F28E-91FD-4C64-880D-C27D99E35654}.Release|Any CPU.Build.0 = Release|Any CPU
		{4835B230-A395-40FF-BCEE-34918E8A5994}.Debug|Any CPU.ActiveCfg = Debug|Any CPU
		{4835B230-A395-40FF-BCEE-34918E8A5994}.Debug|Any CPU.Build.0 = Debug|Any CPU
		{4835B230-A395-40FF-BCEE-34918E8A5994}.Release|Any CPU.ActiveCfg = Release|Any CPU
		{4835B230-A395-40FF-BCEE-34918E8A5994}.Release|Any CPU.Build.0 = Release|Any CPU
		{767BACD8-DC70-403B-B798-6EDCE050A159}.Debug|Any CPU.ActiveCfg = Debug|Any CPU
		{767BACD8-DC70-403B-B798-6EDCE050A159}.Debug|Any CPU.Build.0 = Debug|Any CPU
		{767BACD8-DC70-403B-B798-6EDCE050A159}.Debug|Any CPU.Deploy.0 = Debug|Any CPU
		{767BACD8-DC70-403B-B798-6EDCE050A159}.Release|Any CPU.ActiveCfg = Release|Any CPU
		{767BACD8-DC70-403B-B798-6EDCE050A159}.Release|Any CPU.Build.0 = Release|Any CPU
		{767BACD8-DC70-403B-B798-6EDCE050A159}.Release|Any CPU.Deploy.0 = Release|Any CPU
	EndGlobalSection
	GlobalSection(SolutionProperties) = preSolution
		HideSolutionNode = FALSE
	EndGlobalSection
	GlobalSection(ExtensibilityGlobals) = postSolution
		SolutionGuid = {49E09DB9-363A-418C-B372-7131B418179C}
	EndGlobalSection
EndGlobal
